
Microsoft Visual Studio Solution File, Format Version 12.00
# Visual Studio Version 17
VisualStudioVersion = 17.1.32210.238
MinimumVisualStudioVersion = 10.0.40219.1
Project("{FAE04EC0-301F-11D3-BF4B-00C04F79EFBC}") = "Task862", "Task862\Task862.csproj", "{FB6ECB9C-56C9-4A85-8DA2-4A66FE941533}"
EndProject
Global
	GlobalSection(SolutionConfigurationPlatforms) = preSolution
		Debug|Any CPU = Debug|Any CPU
		Release|Any CPU = Release|Any CPU
	EndGlobalSection
	GlobalSection(ProjectConfigurationPlatforms) = postSolution
		{FB6ECB9C-56C9-4A85-8DA2-4A66FE941533}.Debug|Any CPU.ActiveCfg = Debug|Any CPU
		{FB6ECB9C-56C9-4A85-8DA2-4A66FE941533}.Debug|Any CPU.Build.0 = Debug|Any CPU
		{FB6ECB9C-56C9-4A85-8DA2-4A66FE941533}.Release|Any CPU.ActiveCfg = Release|Any CPU
		{FB6ECB9C-56C9-4A85-8DA2-4A66FE941533}.Release|Any CPU.Build.0 = Release|Any CPU
	EndGlobalSection
	GlobalSection(SolutionProperties) = preSolution
		HideSolutionNode = FALSE
	EndGlobalSection
	GlobalSection(ExtensibilityGlobals) = postSolution
		SolutionGuid = {494063E7-A5B1-4E2B-BAFC-9C749859329A}
	EndGlobalSection
EndGlobal
